// !$*UTF8*$!
{
	archiveVersion = 1;
	classes = {
	};
	objectVersion = 46;
	objects = {

/* Begin PBXBuildFile section */
		CBF898A919F40D4F0069B2C4 /* CoreBluetooth.framework in Frameworks */ = {isa = PBXBuildFile; fileRef = CBF898A819F40D4F0069B2C4 /* CoreBluetooth.framework */; };
		CBF898AB19F40D5E0069B2C4 /* UIKit.framework in Frameworks */ = {isa = PBXBuildFile; fileRef = CBF898AA19F40D5E0069B2C4 /* UIKit.framework */; };
		CBF898AD19F40D670069B2C4 /* CoreFoundation.framework in Frameworks */ = {isa = PBXBuildFile; fileRef = CBF898AC19F40D670069B2C4 /* CoreFoundation.framework */; };
		CBF898AF19F410790069B2C4 /* QuartzCore.framework in Frameworks */ = {isa = PBXBuildFile; fileRef = CBF898AE19F410790069B2C4 /* QuartzCore.framework */; };
		CBF898B119F410820069B2C4 /* CoreData.framework in Frameworks */ = {isa = PBXBuildFile; fileRef = CBF898B019F410820069B2C4 /* CoreData.framework */; };
		D517509019E9831C0076F6FA /* AppDelegate.swift in Sources */ = {isa = PBXBuildFile; fileRef = D517508F19E9831C0076F6FA /* AppDelegate.swift */; };
		D517509219E9831C0076F6FA /* ViewController.swift in Sources */ = {isa = PBXBuildFile; fileRef = D517509119E9831C0076F6FA /* ViewController.swift */; };
		D517509519E9831C0076F6FA /* Main.storyboard in Resources */ = {isa = PBXBuildFile; fileRef = D517509319E9831C0076F6FA /* Main.storyboard */; };
		D517509719E9831C0076F6FA /* Images.xcassets in Resources */ = {isa = PBXBuildFile; fileRef = D517509619E9831C0076F6FA /* Images.xcassets */; };
		D517509A19E9831C0076F6FA /* LaunchScreen.xib in Resources */ = {isa = PBXBuildFile; fileRef = D517509819E9831C0076F6FA /* LaunchScreen.xib */; };
		D51750A619E9831C0076F6FA /* ExpressiveTouchTests.swift in Sources */ = {isa = PBXBuildFile; fileRef = D51750A519E9831C0076F6FA /* ExpressiveTouchTests.swift */; };
		D51750B019E9847E0076F6FA /* Wax9Reader.swift in Sources */ = {isa = PBXBuildFile; fileRef = D51750AF19E9847E0076F6FA /* Wax9Reader.swift */; };
/* End PBXBuildFile section */

/* Begin PBXContainerItemProxy section */
		D51750A019E9831C0076F6FA /* PBXContainerItemProxy */ = {
			isa = PBXContainerItemProxy;
			containerPortal = D517508219E9831C0076F6FA /* Project object */;
			proxyType = 1;
			remoteGlobalIDString = D517508919E9831C0076F6FA;
			remoteInfo = ExpressiveTouch;
		};
/* End PBXContainerItemProxy section */

/* Begin PBXFileReference section */
		CBF898A819F40D4F0069B2C4 /* CoreBluetooth.framework */ = {isa = PBXFileReference; lastKnownFileType = wrapper.framework; name = CoreBluetooth.framework; path = System/Library/Frameworks/CoreBluetooth.framework; sourceTree = SDKROOT; };
		CBF898AA19F40D5E0069B2C4 /* UIKit.framework */ = {isa = PBXFileReference; lastKnownFileType = wrapper.framework; name = UIKit.framework; path = System/Library/Frameworks/UIKit.framework; sourceTree = SDKROOT; };
		CBF898AC19F40D670069B2C4 /* CoreFoundation.framework */ = {isa = PBXFileReference; lastKnownFileType = wrapper.framework; name = CoreFoundation.framework; path = System/Library/Frameworks/CoreFoundation.framework; sourceTree = SDKROOT; };
		CBF898AE19F410790069B2C4 /* QuartzCore.framework */ = {isa = PBXFileReference; lastKnownFileType = wrapper.framework; name = QuartzCore.framework; path = System/Library/Frameworks/QuartzCore.framework; sourceTree = SDKROOT; };
		CBF898B019F410820069B2C4 /* CoreData.framework */ = {isa = PBXFileReference; lastKnownFileType = wrapper.framework; name = CoreData.framework; path = System/Library/Frameworks/CoreData.framework; sourceTree = SDKROOT; };
		D517508A19E9831C0076F6FA /* ExpressiveTouch.app */ = {isa = PBXFileReference; explicitFileType = wrapper.application; includeInIndex = 0; path = ExpressiveTouch.app; sourceTree = BUILT_PRODUCTS_DIR; };
		D517508E19E9831C0076F6FA /* Info.plist */ = {isa = PBXFileReference; lastKnownFileType = text.plist.xml; path = Info.plist; sourceTree = "<group>"; };
		D517508F19E9831C0076F6FA /* AppDelegate.swift */ = {isa = PBXFileReference; lastKnownFileType = sourcecode.swift; path = AppDelegate.swift; sourceTree = "<group>"; };
		D517509119E9831C0076F6FA /* ViewController.swift */ = {isa = PBXFileReference; lastKnownFileType = sourcecode.swift; path = ViewController.swift; sourceTree = "<group>"; };
		D517509419E9831C0076F6FA /* Base */ = {isa = PBXFileReference; lastKnownFileType = file.storyboard; name = Base; path = Base.lproj/Main.storyboard; sourceTree = "<group>"; };
		D517509619E9831C0076F6FA /* Images.xcassets */ = {isa = PBXFileReference; lastKnownFileType = folder.assetcatalog; path = Images.xcassets; sourceTree = "<group>"; };
		D517509919E9831C0076F6FA /* Base */ = {isa = PBXFileReference; lastKnownFileType = file.xib; name = Base; path = Base.lproj/LaunchScreen.xib; sourceTree = "<group>"; };
		D517509F19E9831C0076F6FA /* ExpressiveTouchTests.xctest */ = {isa = PBXFileReference; explicitFileType = wrapper.cfbundle; includeInIndex = 0; path = ExpressiveTouchTests.xctest; sourceTree = BUILT_PRODUCTS_DIR; };
		D51750A419E9831C0076F6FA /* Info.plist */ = {isa = PBXFileReference; lastKnownFileType = text.plist.xml; path = Info.plist; sourceTree = "<group>"; };
		D51750A519E9831C0076F6FA /* ExpressiveTouchTests.swift */ = {isa = PBXFileReference; lastKnownFileType = sourcecode.swift; path = ExpressiveTouchTests.swift; sourceTree = "<group>"; };
		D51750AF19E9847E0076F6FA /* Wax9Reader.swift */ = {isa = PBXFileReference; fileEncoding = 4; lastKnownFileType = sourcecode.swift; path = Wax9Reader.swift; sourceTree = "<group>"; };
/* End PBXFileReference section */

/* Begin PBXFrameworksBuildPhase section */
		D517508719E9831C0076F6FA /* Frameworks */ = {
			isa = PBXFrameworksBuildPhase;
			buildActionMask = 2147483647;
			files = (
				CBF898B119F410820069B2C4 /* CoreData.framework in Frameworks */,
				CBF898AF19F410790069B2C4 /* QuartzCore.framework in Frameworks */,
				CBF898AD19F40D670069B2C4 /* CoreFoundation.framework in Frameworks */,
				CBF898AB19F40D5E0069B2C4 /* UIKit.framework in Frameworks */,
				CBF898A919F40D4F0069B2C4 /* CoreBluetooth.framework in Frameworks */,
			);
			runOnlyForDeploymentPostprocessing = 0;
		};
		D517509C19E9831C0076F6FA /* Frameworks */ = {
			isa = PBXFrameworksBuildPhase;
			buildActionMask = 2147483647;
			files = (
			);
			runOnlyForDeploymentPostprocessing = 0;
		};
/* End PBXFrameworksBuildPhase section */

/* Begin PBXGroup section */
		D517508119E9831C0076F6FA = {
			isa = PBXGroup;
			children = (
				CBF898B019F410820069B2C4 /* CoreData.framework */,
				CBF898AE19F410790069B2C4 /* QuartzCore.framework */,
				CBF898AC19F40D670069B2C4 /* CoreFoundation.framework */,
				CBF898AA19F40D5E0069B2C4 /* UIKit.framework */,
				CBF898A819F40D4F0069B2C4 /* CoreBluetooth.framework */,
				D517508C19E9831C0076F6FA /* ExpressiveTouch */,
				D51750A219E9831C0076F6FA /* ExpressiveTouchTests */,
				D517508B19E9831C0076F6FA /* Products */,
			);
			sourceTree = "<group>";
		};
		D517508B19E9831C0076F6FA /* Products */ = {
			isa = PBXGroup;
			children = (
				D517508A19E9831C0076F6FA /* ExpressiveTouch.app */,
				D517509F19E9831C0076F6FA /* ExpressiveTouchTests.xctest */,
			);
			name = Products;
			sourceTree = "<group>";
		};
		D517508C19E9831C0076F6FA /* ExpressiveTouch */ = {
			isa = PBXGroup;
			children = (
				D517508F19E9831C0076F6FA /* AppDelegate.swift */,
				D517509119E9831C0076F6FA /* ViewController.swift */,
				D517509319E9831C0076F6FA /* Main.storyboard */,
				D517509619E9831C0076F6FA /* Images.xcassets */,
				D517509819E9831C0076F6FA /* LaunchScreen.xib */,
				D517508D19E9831C0076F6FA /* Supporting Files */,
				D51750AF19E9847E0076F6FA /* Wax9Reader.swift */,
			);
			path = ExpressiveTouch;
			sourceTree = "<group>";
		};
		D517508D19E9831C0076F6FA /* Supporting Files */ = {
			isa = PBXGroup;
			children = (
				D517508E19E9831C0076F6FA /* Info.plist */,
			);
			name = "Supporting Files";
			sourceTree = "<group>";
		};
		D51750A219E9831C0076F6FA /* ExpressiveTouchTests */ = {
			isa = PBXGroup;
			children = (
				D51750A519E9831C0076F6FA /* ExpressiveTouchTests.swift */,
				D51750A319E9831C0076F6FA /* Supporting Files */,
			);
			path = ExpressiveTouchTests;
			sourceTree = "<group>";
		};
		D51750A319E9831C0076F6FA /* Supporting Files */ = {
			isa = PBXGroup;
			children = (
				D51750A419E9831C0076F6FA /* Info.plist */,
			);
			name = "Supporting Files";
			sourceTree = "<group>";
		};
/* End PBXGroup section */

/* Begin PBXNativeTarget section */
		D517508919E9831C0076F6FA /* ExpressiveTouch */ = {
			isa = PBXNativeTarget;
			buildConfigurationList = D51750A919E9831C0076F6FA /* Build configuration list for PBXNativeTarget "ExpressiveTouch" */;
			buildPhases = (
				D517508619E9831C0076F6FA /* Sources */,
				D517508719E9831C0076F6FA /* Frameworks */,
				D517508819E9831C0076F6FA /* Resources */,
			);
			buildRules = (
			);
			dependencies = (
			);
			name = ExpressiveTouch;
			productName = ExpressiveTouch;
			productReference = D517508A19E9831C0076F6FA /* ExpressiveTouch.app */;
			productType = "com.apple.product-type.application";
		};
		D517509E19E9831C0076F6FA /* ExpressiveTouchTests */ = {
			isa = PBXNativeTarget;
			buildConfigurationList = D51750AC19E9831C0076F6FA /* Build configuration list for PBXNativeTarget "ExpressiveTouchTests" */;
			buildPhases = (
				D517509B19E9831C0076F6FA /* Sources */,
				D517509C19E9831C0076F6FA /* Frameworks */,
				D517509D19E9831C0076F6FA /* Resources */,
			);
			buildRules = (
			);
			dependencies = (
				D51750A119E9831C0076F6FA /* PBXTargetDependency */,
			);
			name = ExpressiveTouchTests;
			productName = ExpressiveTouchTests;
			productReference = D517509F19E9831C0076F6FA /* ExpressiveTouchTests.xctest */;
			productType = "com.apple.product-type.bundle.unit-test";
		};
/* End PBXNativeTarget section */

/* Begin PBXProject section */
		D517508219E9831C0076F6FA /* Project object */ = {
			isa = PBXProject;
			attributes = {
				LastUpgradeCheck = 0610;
				ORGANIZATIONNAME = "Newcastle University";
				TargetAttributes = {
					D517508919E9831C0076F6FA = {
						CreatedOnToolsVersion = 6.1;
						DevelopmentTeam = X7BDHAQC53;
					};
					D517509E19E9831C0076F6FA = {
						CreatedOnToolsVersion = 6.1;
						TestTargetID = D517508919E9831C0076F6FA;
					};
				};
			};
			buildConfigurationList = D517508519E9831C0076F6FA /* Build configuration list for PBXProject "ExpressiveTouch" */;
			compatibilityVersion = "Xcode 3.2";
			developmentRegion = English;
			hasScannedForEncodings = 0;
			knownRegions = (
				en,
				Base,
			);
			mainGroup = D517508119E9831C0076F6FA;
			productRefGroup = D517508B19E9831C0076F6FA /* Products */;
			projectDirPath = "";
			projectRoot = "";
			targets = (
				D517508919E9831C0076F6FA /* ExpressiveTouch */,
				D517509E19E9831C0076F6FA /* ExpressiveTouchTests */,
			);
		};
/* End PBXProject section */

/* Begin PBXResourcesBuildPhase section */
		D517508819E9831C0076F6FA /* Resources */ = {
			isa = PBXResourcesBuildPhase;
			buildActionMask = 2147483647;
			files = (
				D517509519E9831C0076F6FA /* Main.storyboard in Resources */,
				D517509A19E9831C0076F6FA /* LaunchScreen.xib in Resources */,
				D517509719E9831C0076F6FA /* Images.xcassets in Resources */,
			);
			runOnlyForDeploymentPostprocessing = 0;
		};
		D517509D19E9831C0076F6FA /* Resources */ = {
			isa = PBXResourcesBuildPhase;
			buildActionMask = 2147483647;
			files = (
			);
			runOnlyForDeploymentPostprocessing = 0;
		};
/* End PBXResourcesBuildPhase section */

/* Begin PBXSourcesBuildPhase section */
		D517508619E9831C0076F6FA /* Sources */ = {
			isa = PBXSourcesBuildPhase;
			buildActionMask = 2147483647;
			files = (
				D517509219E9831C0076F6FA /* ViewController.swift in Sources */,
				D517509019E9831C0076F6FA /* AppDelegate.swift in Sources */,
				D51750B019E9847E0076F6FA /* Wax9Reader.swift in Sources */,
			);
			runOnlyForDeploymentPostprocessing = 0;
		};
		D517509B19E9831C0076F6FA /* Sources */ = {
			isa = PBXSourcesBuildPhase;
			buildActionMask = 2147483647;
			files = (
				D51750A619E9831C0076F6FA /* ExpressiveTouchTests.swift in Sources */,
			);
			runOnlyForDeploymentPostprocessing = 0;
		};
/* End PBXSourcesBuildPhase section */

/* Begin PBXTargetDependency section */
		D51750A119E9831C0076F6FA /* PBXTargetDependency */ = {
			isa = PBXTargetDependency;
			target = D517508919E9831C0076F6FA /* ExpressiveTouch */;
			targetProxy = D51750A019E9831C0076F6FA /* PBXContainerItemProxy */;
		};
/* End PBXTargetDependency section */

/* Begin PBXVariantGroup section */
		D517509319E9831C0076F6FA /* Main.storyboard */ = {
			isa = PBXVariantGroup;
			children = (
				D517509419E9831C0076F6FA /* Base */,
			);
			name = Main.storyboard;
			sourceTree = "<group>";
		};
		D517509819E9831C0076F6FA /* LaunchScreen.xib */ = {
			isa = PBXVariantGroup;
			children = (
				D517509919E9831C0076F6FA /* Base */,
			);
			name = LaunchScreen.xib;
			sourceTree = "<group>";
		};
/* End PBXVariantGroup section */

/* Begin XCBuildConfiguration section */
		D51750A719E9831C0076F6FA /* Debug */ = {
			isa = XCBuildConfiguration;
			buildSettings = {
				ALWAYS_SEARCH_USER_PATHS = NO;
				CLANG_CXX_LANGUAGE_STANDARD = "gnu++0x";
				CLANG_CXX_LIBRARY = "libc++";
				CLANG_ENABLE_MODULES = YES;
				CLANG_ENABLE_OBJC_ARC = YES;
				CLANG_WARN_BOOL_CONVERSION = YES;
				CLANG_WARN_CONSTANT_CONVERSION = YES;
				CLANG_WARN_DIRECT_OBJC_ISA_USAGE = YES_ERROR;
				CLANG_WARN_EMPTY_BODY = YES;
				CLANG_WARN_ENUM_CONVERSION = YES;
				CLANG_WARN_INT_CONVERSION = YES;
				CLANG_WARN_OBJC_ROOT_CLASS = YES_ERROR;
				CLANG_WARN_UNREACHABLE_CODE = YES;
				CLANG_WARN__DUPLICATE_METHOD_MATCH = YES;
				"CODE_SIGN_IDENTITY[sdk=iphoneos*]" = "iPhone Developer";
				COPY_PHASE_STRIP = NO;
				ENABLE_STRICT_OBJC_MSGSEND = YES;
				GCC_C_LANGUAGE_STANDARD = gnu99;
				GCC_DYNAMIC_NO_PIC = NO;
				GCC_OPTIMIZATION_LEVEL = 0;
				GCC_PREPROCESSOR_DEFINITIONS = (
					"DEBUG=1",
					"$(inherited)",
				);
				GCC_SYMBOLS_PRIVATE_EXTERN = NO;
				GCC_WARN_64_TO_32_BIT_CONVERSION = YES;
				GCC_WARN_ABOUT_RETURN_TYPE = YES_ERROR;
				GCC_WARN_UNDECLARED_SELECTOR = YES;
				GCC_WARN_UNINITIALIZED_AUTOS = YES_AGGRESSIVE;
				GCC_WARN_UNUSED_FUNCTION = YES;
				GCC_WARN_UNUSED_VARIABLE = YES;
				IPHONEOS_DEPLOYMENT_TARGET = 8.1;
				MTL_ENABLE_DEBUG_INFO = YES;
				ONLY_ACTIVE_ARCH = YES;
				SDKROOT = iphoneos;
				SWIFT_OPTIMIZATION_LEVEL = "-Onone";
				TARGETED_DEVICE_FAMILY = "1,2";
			};
			name = Debug;
		};
		D51750A819E9831C0076F6FA /* Release */ = {
			isa = XCBuildConfiguration;
			buildSettings = {
				ALWAYS_SEARCH_USER_PATHS = NO;
				CLANG_CXX_LANGUAGE_STANDARD = "gnu++0x";
				CLANG_CXX_LIBRARY = "libc++";
				CLANG_ENABLE_MODULES = YES;
				CLANG_ENABLE_OBJC_ARC = YES;
				CLANG_WARN_BOOL_CONVERSION = YES;
				CLANG_WARN_CONSTANT_CONVERSION = YES;
				CLANG_WARN_DIRECT_OBJC_ISA_USAGE = YES_ERROR;
				CLANG_WARN_EMPTY_BODY = YES;
				CLANG_WARN_ENUM_CONVERSION = YES;
				CLANG_WARN_INT_CONVERSION = YES;
				CLANG_WARN_OBJC_ROOT_CLASS = YES_ERROR;
				CLANG_WARN_UNREACHABLE_CODE = YES;
				CLANG_WARN__DUPLICATE_METHOD_MATCH = YES;
				"CODE_SIGN_IDENTITY[sdk=iphoneos*]" = "iPhone Developer";
				COPY_PHASE_STRIP = YES;
				ENABLE_NS_ASSERTIONS = NO;
				ENABLE_STRICT_OBJC_MSGSEND = YES;
				GCC_C_LANGUAGE_STANDARD = gnu99;
				GCC_WARN_64_TO_32_BIT_CONVERSION = YES;
				GCC_WARN_ABOUT_RETURN_TYPE = YES_ERROR;
				GCC_WARN_UNDECLARED_SELECTOR = YES;
				GCC_WARN_UNINITIALIZED_AUTOS = YES_AGGRESSIVE;
				GCC_WARN_UNUSED_FUNCTION = YES;
				GCC_WARN_UNUSED_VARIABLE = YES;
				IPHONEOS_DEPLOYMENT_TARGET = 8.1;
				MTL_ENABLE_DEBUG_INFO = NO;
				SDKROOT = iphoneos;
				TARGETED_DEVICE_FAMILY = "1,2";
				VALIDATE_PRODUCT = YES;
			};
			name = Release;
		};
		D51750AA19E9831C0076F6FA /* Debug */ = {
			isa = XCBuildConfiguration;
			buildSettings = {
				ASSETCATALOG_COMPILER_APPICON_NAME = AppIcon;
				INFOPLIST_FILE = ExpressiveTouch/Info.plist;
				IPHONEOS_DEPLOYMENT_TARGET = 8.0;
				LD_RUNPATH_SEARCH_PATHS = "$(inherited) @executable_path/Frameworks";
				PRODUCT_NAME = "$(TARGET_NAME)";
			};
			name = Debug;
		};
		D51750AB19E9831C0076F6FA /* Release */ = {
			isa = XCBuildConfiguration;
			buildSettings = {
				ASSETCATALOG_COMPILER_APPICON_NAME = AppIcon;
				INFOPLIST_FILE = ExpressiveTouch/Info.plist;
				IPHONEOS_DEPLOYMENT_TARGET = 8.0;
				LD_RUNPATH_SEARCH_PATHS = "$(inherited) @executable_path/Frameworks";
				PRODUCT_NAME = "$(TARGET_NAME)";
			};
			name = Release;
		};
		D51750AD19E9831C0076F6FA /* Debug */ = {
			isa = XCBuildConfiguration;
			buildSettings = {
				BUNDLE_LOADER = "$(TEST_HOST)";
				FRAMEWORK_SEARCH_PATHS = (
					"$(SDKROOT)/Developer/Library/Frameworks",
					"$(inherited)",
				);
				GCC_PREPROCESSOR_DEFINITIONS = (
					"DEBUG=1",
					"$(inherited)",
				);
				INFOPLIST_FILE = ExpressiveTouchTests/Info.plist;
				LD_RUNPATH_SEARCH_PATHS = "$(inherited) @executable_path/Frameworks @loader_path/Frameworks";
				PRODUCT_NAME = "$(TARGET_NAME)";
				TEST_HOST = "$(BUILT_PRODUCTS_DIR)/ExpressiveTouch.app/ExpressiveTouch";
			};
			name = Debug;
		};
		D51750AE19E9831C0076F6FA /* Release */ = {
			isa = XCBuildConfiguration;
			buildSettings = {
				BUNDLE_LOADER = "$(TEST_HOST)";
				FRAMEWORK_SEARCH_PATHS = (
					"$(SDKROOT)/Developer/Library/Frameworks",
					"$(inherited)",
				);
				INFOPLIST_FILE = ExpressiveTouchTests/Info.plist;
				LD_RUNPATH_SEARCH_PATHS = "$(inherited) @executable_path/Frameworks @loader_path/Frameworks";
				PRODUCT_NAME = "$(TARGET_NAME)";
				TEST_HOST = "$(BUILT_PRODUCTS_DIR)/ExpressiveTouch.app/ExpressiveTouch";
			};
			name = Release;
		};
/* End XCBuildConfiguration section */

/* Begin XCConfigurationList section */
		D517508519E9831C0076F6FA /* Build configuration list for PBXProject "ExpressiveTouch" */ = {
			isa = XCConfigurationList;
			buildConfigurations = (
				D51750A719E9831C0076F6FA /* Debug */,
				D51750A819E9831C0076F6FA /* Release */,
			);
			defaultConfigurationIsVisible = 0;
			defaultConfigurationName = Release;
		};
		D51750A919E9831C0076F6FA /* Build configuration list for PBXNativeTarget "ExpressiveTouch" */ = {
			isa = XCConfigurationList;
			buildConfigurations = (
				D51750AA19E9831C0076F6FA /* Debug */,
				D51750AB19E9831C0076F6FA /* Release */,
			);
			defaultConfigurationIsVisible = 0;
			defaultConfigurationName = Release;
		};
		D51750AC19E9831C0076F6FA /* Build configuration list for PBXNativeTarget "ExpressiveTouchTests" */ = {
			isa = XCConfigurationList;
			buildConfigurations = (
				D51750AD19E9831C0076F6FA /* Debug */,
				D51750AE19E9831C0076F6FA /* Release */,
			);
			defaultConfigurationIsVisible = 0;
			defaultConfigurationName = Release;
		};
/* End XCConfigurationList section */
	};
	rootObject = D517508219E9831C0076F6FA /* Project object */;
}
